
Microsoft Visual Studio Solution File, Format Version 12.00
# Visual Studio Version 17
VisualStudioVersion = 17.2.32526.322
MinimumVisualStudioVersion = 10.0.40219.1
Project("{FAE04EC0-301F-11D3-BF4B-00C04F79EFBC}") = "StudentService", "StudentService\StudentService.csproj", "{E72F9429-85A7-4FB8-99CF-1EF289F865B8}"
EndProject
Project("{FAE04EC0-301F-11D3-BF4B-00C04F79EFBC}") = "ConsoleStudent", "ConsoleStudent\ConsoleStudent.csproj", "{44BC8FBB-32D4-4DFF-B080-AA9883F1DDF1}"
	ProjectSection(ProjectDependencies) = postProject
		{E72F9429-85A7-4FB8-99CF-1EF289F865B8} = {E72F9429-85A7-4FB8-99CF-1EF289F865B8}
	EndProjectSection
EndProject
Global
	GlobalSection(SolutionConfigurationPlatforms) = preSolution
		Debug|Any CPU = Debug|Any CPU
		Release|Any CPU = Release|Any CPU
	EndGlobalSection
	GlobalSection(ProjectConfigurationPlatforms) = postSolution
		{E72F9429-85A7-4FB8-99CF-1EF289F865B8}.Debug|Any CPU.ActiveCfg = Debug|Any CPU
		{E72F9429-85A7-4FB8-99CF-1EF289F865B8}.Debug|Any CPU.Build.0 = Debug|Any CPU
		{E72F9429-85A7-4FB8-99CF-1EF289F865B8}.Release|Any CPU.ActiveCfg = Release|Any CPU
		{E72F9429-85A7-4FB8-99CF-1EF289F865B8}.Release|Any CPU.Build.0 = Release|Any CPU
		{44BC8FBB-32D4-4DFF-B080-AA9883F1DDF1}.Debug|Any CPU.ActiveCfg = Debug|Any CPU
		{44BC8FBB-32D4-4DFF-B080-AA9883F1DDF1}.Debug|Any CPU.Build.0 = Debug|Any CPU
		{44BC8FBB-32D4-4DFF-B080-AA9883F1DDF1}.Release|Any CPU.ActiveCfg = Release|Any CPU
		{44BC8FBB-32D4-4DFF-B080-AA9883F1DDF1}.Release|Any CPU.Build.0 = Release|Any CPU
	EndGlobalSection
	GlobalSection(SolutionProperties) = preSolution
		HideSolutionNode = FALSE
	EndGlobalSection
	GlobalSection(ExtensibilityGlobals) = postSolution
		SolutionGuid = {A13204CD-8670-4C2D-8B39-B03B4C52CF25}
	EndGlobalSection
EndGlobal
